
Microsoft Visual Studio Solution File, Format Version 12.00
# Visual Studio 15
VisualStudioVersion = 15.0.28307.902
MinimumVisualStudioVersion = 10.0.40219.1
Project("{FAE04EC0-301F-11D3-BF4B-00C04F79EFBC}") = "DiagonalDifference", "DiagonalDifference\DiagonalDifference.csproj", "{1957E623-126D-48D1-AC63-BD5CF1E6ECC2}"
EndProject
Global
	GlobalSection(SolutionConfigurationPlatforms) = preSolution
		Debug|Any CPU = Debug|Any CPU
		Release|Any CPU = Release|Any CPU
	EndGlobalSection
	GlobalSection(ProjectConfigurationPlatforms) = postSolution
		{1957E623-126D-48D1-AC63-BD5CF1E6ECC2}.Debug|Any CPU.ActiveCfg = Debug|Any CPU
		{1957E623-126D-48D1-AC63-BD5CF1E6ECC2}.Debug|Any CPU.Build.0 = Debug|Any CPU
		{1957E623-126D-48D1-AC63-BD5CF1E6ECC2}.Release|Any CPU.ActiveCfg = Release|Any CPU
		{1957E623-126D-48D1-AC63-BD5CF1E6ECC2}.Release|Any CPU.Build.0 = Release|Any CPU
	EndGlobalSection
	GlobalSection(SolutionProperties) = preSolution
		HideSolutionNode = FALSE
	EndGlobalSection
	GlobalSection(ExtensibilityGlobals) = postSolution
		SolutionGuid = {B9919C0C-701D-4DBE-89E0-50AE209B9420}
	EndGlobalSection
EndGlobal
